PODS:
  - Alamofire (4.5.0)
  - Kingfisher (3.10.2)
  - Moya (8.0.5):
    - Moya/Core (= 8.0.5)
  - Moya-ObjectMapper (2.3.2):
    - Moya-ObjectMapper/Core (= 2.3.2)
  - Moya-ObjectMapper/Core (2.3.2):
    - Moya (~> 8.0)
    - ObjectMapper (~> 2.2)
  - Moya/Core (8.0.5):
    - Alamofire (~> 4.1)
    - Result (~> 3.0)
  - ObjectMapper (2.2.7)
  - Result (3.2.3)

DEPENDENCIES:
  - Kingfisher (~> 3.0)
  - Moya
  - Moya-ObjectMapper
  - ObjectMapper

SPEC CHECKSUMS:
  Alamofire: f28cdffd29de33a7bfa022cbd63ae95a27fae140
  Kingfisher: 7297492bf8cec9b2e2dee3519f2219948580d98e
  Moya: c37eec09a098ba9991b5a963b291fc5704bdb9ef
  Moya-ObjectMapper: 1b05f10bb69fb6c8750d497d2974c1c63c08c3a9
  ObjectMapper: 65abcfd9a61cf7396cbd14a4fb22fddfcc46577e
  Result: 128640a6347e8d2ae48b142556739a2d13f90ce6

PODFILE CHECKSUM: 2007a8a96238719c4009b6825c4839c842de6a9b

COCOAPODS: 1.2.1
